
Microsoft Visual Studio Solution File, Format Version 12.00
# Visual Studio Version 17
VisualStudioVersion = 17.2.32616.157
MinimumVisualStudioVersion = 10.0.40219.1
Project("{8BC9CEB8-8B4A-11D0-8D11-00A0C91BC942}") = "15.09.2022 Перегрузка операции. Функция", "15.09.2022 Перегрузка операции. Функция.vcxproj", "{D1223A21-E7E8-4E9D-8059-79184C7A3A47}"
EndProject
Global
	GlobalSection(SolutionConfigurationPlatforms) = preSolution
		Debug|x64 = Debug|x64
		Debug|x86 = Debug|x86
		Release|x64 = Release|x64
		Release|x86 = Release|x86
	EndGlobalSection
	GlobalSection(ProjectConfigurationPlatforms) = postSolution
		{D1223A21-E7E8-4E9D-8059-79184C7A3A47}.Debug|x64.ActiveCfg = Debug|x64
		{D1223A21-E7E8-4E9D-8059-79184C7A3A47}.Debug|x64.Build.0 = Debug|x64
		{D1223A21-E7E8-4E9D-8059-79184C7A3A47}.Debug|x86.ActiveCfg = Debug|Win32
		{D1223A21-E7E8-4E9D-8059-79184C7A3A47}.Debug|x86.Build.0 = Debug|Win32
		{D1223A21-E7E8-4E9D-8059-79184C7A3A47}.Release|x64.ActiveCfg = Release|x64
		{D1223A21-E7E8-4E9D-8059-79184C7A3A47}.Release|x64.Build.0 = Release|x64
		{D1223A21-E7E8-4E9D-8059-79184C7A3A47}.Release|x86.ActiveCfg = Release|Win32
		{D1223A21-E7E8-4E9D-8059-79184C7A3A47}.Release|x86.Build.0 = Release|Win32
	EndGlobalSection
	GlobalSection(SolutionProperties) = preSolution
		HideSolutionNode = FALSE
	EndGlobalSection
	GlobalSection(ExtensibilityGlobals) = postSolution
		SolutionGuid = {027741E2-723A-4398-AD94-213A2934EB1B}
	EndGlobalSection
EndGlobal
